<?xml version="1.0" encoding="utf-8"?>
<Project ToolsVersion="4.0" xmlns="http://schemas.microsoft.com/developer/msbuild/2003">
  <ItemGroup>
    <Filter Include="Resources">
      <UniqueIdentifier>{67DA6AB6-F800-4c08-8B7A-83BB121AAD01}</UniqueIdentifier>
      <Extensions>rc;ico;cur;bmp;dlg;rc2;rct;bin;rgs;gif;jpg;jpeg;jpe;resx;tiff;tif;png;wav;mfcribbon-ms</Extensions>
    </Filter>
    <Filter Include="Sources">
      <UniqueIdentifier>{4FC737F1-C7A5-4376-A066-2A32D752A2FF}</UniqueIdentifier>
      <Extensions>cpp;c;cc;cxx;c++;cppm;ixx;def;odl;idl;hpj;bat;asm;asmx</Extensions>
    </Filter>
    <Filter Include="Resources\Icons">
      <UniqueIdentifier>{8ee4eb3d-ba96-4356-92e5-2f334b6c864a}</UniqueIdentifier>
    </Filter>
    <Filter Include="Sources\pch">
      <UniqueIdentifier>{5d2f1596-b6a8-4052-9e4f-9d0721d7ef77}</UniqueIdentifier>
    </Filter>
    <Filter Include="Sources\Headers">
      <UniqueIdentifier>{6f0933fc-5950-46dc-ad62-29cce8efdf8d}</UniqueIdentifier>
    </Filter>
    <Filter Include="Sources\Main">
      <UniqueIdentifier>{bd139371-4c05-4a01-af4d-c5c78620f15c}</UniqueIdentifier>
    </Filter>
    <Filter Include="Sources\Shaders">
      <UniqueIdentifier>{d119b907-52dd-4a9d-b7b3-68ffe766f543}</UniqueIdentifier>
    </Filter>
  </ItemGroup>
  <ItemGroup>
    <ClInclude Include="Resource.h">
      <Filter>Resources</Filter>
    </ClInclude>
    <ClInclude Include="framework.h">
      <Filter>Sources</Filter>
    </ClInclude>
    <ClInclude Include="targetver.h">
      <Filter>Sources</Filter>
    </ClInclude>
    <ClInclude Include="Sources\pch.h">
      <Filter>Sources\pch</Filter>
    </ClInclude>
    <ClInclude Include="Sources\StructDefinition.h">
      <Filter>Sources\Headers</Filter>
    </ClInclude>
    <ClInclude Include="Sources\TypeDefinition.h">
      <Filter>Sources\Headers</Filter>
    </ClInclude>
    <ClInclude Include="Sources\ValueDefinition.h">
      <Filter>Sources\Headers</Filter>
    </ClInclude>
    <ClInclude Include="Game.h">
      <Filter>Sources\Main</Filter>
    </ClInclude>
    <ClInclude Include="Sources\Application.h">
      <Filter>Sources\Main</Filter>
    </ClInclude>
  </ItemGroup>
  <ItemGroup>
    <ClCompile Include="Sources\pch.cpp">
      <Filter>Sources\pch</Filter>
    </ClCompile>
    <ClCompile Include="Game.cpp">
      <Filter>Sources\Main</Filter>
    </ClCompile>
    <ClCompile Include="Sources\Application.cpp">
      <Filter>Sources\Main</Filter>
    </ClCompile>
  </ItemGroup>
  <ItemGroup>
    <ResourceCompile Include="Game.rc">
      <Filter>Resources</Filter>
    </ResourceCompile>
  </ItemGroup>
  <ItemGroup>
    <Image Include="Game.ico">
      <Filter>Resources\Icons</Filter>
    </Image>
    <Image Include="small.ico">
      <Filter>Resources\Icons</Filter>
    </Image>
  </ItemGroup>
  <ItemGroup>
    <FxCompile Include="..\Shaders\Default.hlsl">
      <Filter>Sources\Shaders</Filter>
    </FxCompile>
  </ItemGroup>
</Project>